
Microsoft Visual Studio Solution File, Format Version 12.00
# Visual Studio Version 17
VisualStudioVersion = 17.3.32825.248
MinimumVisualStudioVersion = 10.0.40219.1
Project("{9A19103F-16F7-4668-BE54-9A1E7A4F7556}") = "CCPwn", "CCPwn.csproj", "{1389E661-A32D-4B50-B12E-4B22AF56BFCE}"
EndProject
Global
	GlobalSection(SolutionConfigurationPlatforms) = preSolution
		Debug|Any CPU = Debug|Any CPU
		Release|Any CPU = Release|Any CPU
	EndGlobalSection
	GlobalSection(ProjectConfigurationPlatforms) = postSolution
		{1389E661-A32D-4B50-B12E-4B22AF56BFCE}.Debug|Any CPU.ActiveCfg = Debug|Any CPU
		{1389E661-A32D-4B50-B12E-4B22AF56BFCE}.Debug|Any CPU.Build.0 = Debug|Any CPU
		{1389E661-A32D-4B50-B12E-4B22AF56BFCE}.Release|Any CPU.ActiveCfg = Release|Any CPU
		{1389E661-A32D-4B50-B12E-4B22AF56BFCE}.Release|Any CPU.Build.0 = Release|Any CPU
	EndGlobalSection
	GlobalSection(SolutionProperties) = preSolution
		HideSolutionNode = FALSE
	EndGlobalSection
	GlobalSection(ExtensibilityGlobals) = postSolution
		SolutionGuid = {506D0951-370C-4F8A-A08B-3A9259A9BCB4}
	EndGlobalSection
EndGlobal
